<?xml version="1.0" encoding="utf-8"?>
<Project ToolsVersion="4.0" xmlns="http://schemas.microsoft.com/developer/msbuild/2003">
  <ItemGroup>
    <ClCompile Include="main.cpp">
      <Filter>CPP</Filter>
    </ClCompile>
    <ClCompile Include="parallax.cpp">
      <Filter>CPP</Filter>
    </ClCompile>
    <ClCompile Include="Class_Character.cpp">
      <Filter>CPP</Filter>
    </ClCompile>
    <ClCompile Include="Class_Enemies.cpp">
      <Filter>CPP</Filter>
    </ClCompile>
    <ClCompile Include="hud.cpp">
      <Filter>CPP</Filter>
    </ClCompile>
    <ClCompile Include="buff.cpp">
      <Filter>CPP</Filter>
    </ClCompile>
    <ClCompile Include="menu.cpp">
      <Filter>CPP</Filter>
    </ClCompile>
  </ItemGroup>
  <ItemGroup>
    <ClInclude Include="parallax.hpp">
      <Filter>HPP</Filter>
    </ClInclude>
    <ClInclude Include="Classes.hpp">
      <Filter>HPP</Filter>
    </ClInclude>
    <ClInclude Include="Class_Character.hpp">
      <Filter>HPP</Filter>
    </ClInclude>
    <ClInclude Include="Class_Enemies.hpp">
      <Filter>HPP</Filter>
    </ClInclude>
    <ClInclude Include="hud.hpp">
      <Filter>HPP</Filter>
    </ClInclude>
    <ClInclude Include="buff.hpp">
      <Filter>HPP</Filter>
    </ClInclude>
    <ClInclude Include="menu.hpp">
      <Filter>HPP</Filter>
    </ClInclude>
  </ItemGroup>
  <ItemGroup>
    <Filter Include="CPP">
      <UniqueIdentifier>{52aeacef-37c6-4cfa-9957-6c1546eedc67}</UniqueIdentifier>
    </Filter>
    <Filter Include="HPP">
      <UniqueIdentifier>{eae2dd11-6668-4d4c-a944-8d4f227b73f1}</UniqueIdentifier>
    </Filter>
  </ItemGroup>
</Project>